// !$*UTF8*$!
{
	archiveVersion = 1;
	classes = {
	};
	objectVersion = 50;
	objects = {

/* Begin PBXBuildFile section */
		0818104F20BA9FFF00538A7A /* AppDelegate.swift in Sources */ = {isa = PBXBuildFile; fileRef = 0818104E20BA9FFF00538A7A /* AppDelegate.swift */; };
		0818105120BA9FFF00538A7A /* FirstViewController.swift in Sources */ = {isa = PBXBuildFile; fileRef = 0818105020BA9FFF00538A7A /* FirstViewController.swift */; };
		0818105320BA9FFF00538A7A /* SecondViewController.swift in Sources */ = {isa = PBXBuildFile; fileRef = 0818105220BA9FFF00538A7A /* SecondViewController.swift */; };
		0818105620BAA00000538A7A /* Main.storyboard in Resources */ = {isa = PBXBuildFile; fileRef = 0818105420BAA00000538A7A /* Main.storyboard */; };
		0818105820BAA00B00538A7A /* Assets.xcassets in Resources */ = {isa = PBXBuildFile; fileRef = 0818105720BAA00B00538A7A /* Assets.xcassets */; };
		0818105B20BAA00B00538A7A /* LaunchScreen.storyboard in Resources */ = {isa = PBXBuildFile; fileRef = 0818105920BAA00B00538A7A /* LaunchScreen.storyboard */; };
		0818106620BAA05000538A7A /* success.png in Resources */ = {isa = PBXBuildFile; fileRef = 0818106320BAA05000538A7A /* success.png */; };
		0818106720BAA05000538A7A /* date.png in Resources */ = {isa = PBXBuildFile; fileRef = 0818106420BAA05000538A7A /* date.png */; };
		0818106820BAA05000538A7A /* settings.png in Resources */ = {isa = PBXBuildFile; fileRef = 0818106520BAA05000538A7A /* settings.png */; };
		0818106B20BAA0AD00538A7A /* ThirdViewController.swift in Sources */ = {isa = PBXBuildFile; fileRef = 0818106A20BAA0AD00538A7A /* ThirdViewController.swift */; };
		0818107020BAA0CF00538A7A /* CalendarView.swift in Sources */ = {isa = PBXBuildFile; fileRef = 0818106D20BAA0CE00538A7A /* CalendarView.swift */; };
		0818108220BAE60C00538A7A /* Style.swift in Sources */ = {isa = PBXBuildFile; fileRef = 0818108120BAE60C00538A7A /* Style.swift */; };
		0818108620BB337E00538A7A /* circle-blue.png in Resources */ = {isa = PBXBuildFile; fileRef = 0818108520BB337E00538A7A /* circle-blue.png */; };
		08196FE720CE21C100696114 /* EventTableView.swift in Sources */ = {isa = PBXBuildFile; fileRef = 08196FE620CE21C100696114 /* EventTableView.swift */; };
		088C519020C83E30006D00CD /* circle-pink.png in Resources */ = {isa = PBXBuildFile; fileRef = 088C518B20C83E2E006D00CD /* circle-pink.png */; };
		088C519120C83E30006D00CD /* circle-green.png in Resources */ = {isa = PBXBuildFile; fileRef = 088C518C20C83E2F006D00CD /* circle-green.png */; };
		088C519220C83E30006D00CD /* circle-black.png in Resources */ = {isa = PBXBuildFile; fileRef = 088C518D20C83E2F006D00CD /* circle-black.png */; };
		088C519420C83E30006D00CD /* circle-yellow.png in Resources */ = {isa = PBXBuildFile; fileRef = 088C518F20C83E30006D00CD /* circle-yellow.png */; };
		088C519720C84A7D006D00CD /* Todo.swift in Sources */ = {isa = PBXBuildFile; fileRef = 088C519620C84A7D006D00CD /* Todo.swift */; };
		088E170720C910050071FD94 /* TodoTableView.swift in Sources */ = {isa = PBXBuildFile; fileRef = 088E170620C910050071FD94 /* TodoTableView.swift */; };
		088E170920C932010071FD94 /* plus-blue.png in Resources */ = {isa = PBXBuildFile; fileRef = 088E170820C932010071FD94 /* plus-blue.png */; };
		089761ED20CEA29600F8C9DF /* Event.swift in Sources */ = {isa = PBXBuildFile; fileRef = 089761EC20CEA29600F8C9DF /* Event.swift */; };
		089761EF20CEC20400F8C9DF /* AddTodo.storyboard in Resources */ = {isa = PBXBuildFile; fileRef = 089761EE20CEC20400F8C9DF /* AddTodo.storyboard */; };
		089761F120CEC21700F8C9DF /* AddEvent.storyboard in Resources */ = {isa = PBXBuildFile; fileRef = 089761F020CEC21700F8C9DF /* AddEvent.storyboard */; };
		089761F320CEC95900F8C9DF /* AddTodoViewController.swift in Sources */ = {isa = PBXBuildFile; fileRef = 089761F220CEC95900F8C9DF /* AddTodoViewController.swift */; };
		089761F620CED63500F8C9DF /* success-blue.png in Resources */ = {isa = PBXBuildFile; fileRef = 089761F420CED63500F8C9DF /* success-blue.png */; };
		089761F920CEF1F700F8C9DF /* AddEventViewController.swift in Sources */ = {isa = PBXBuildFile; fileRef = 089761F820CEF1F700F8C9DF /* AddEventViewController.swift */; };
		0897620020CFD43B00F8C9DF /* plus-black.png in Resources */ = {isa = PBXBuildFile; fileRef = 089761FC20CFD43A00F8C9DF /* plus-black.png */; };
		0897620120CFD43B00F8C9DF /* plus-pink.png in Resources */ = {isa = PBXBuildFile; fileRef = 089761FD20CFD43A00F8C9DF /* plus-pink.png */; };
		0897620220CFD43B00F8C9DF /* plus-green.png in Resources */ = {isa = PBXBuildFile; fileRef = 089761FE20CFD43A00F8C9DF /* plus-green.png */; };
		0897620320CFD43B00F8C9DF /* plus-yellow.png in Resources */ = {isa = PBXBuildFile; fileRef = 089761FF20CFD43A00F8C9DF /* plus-yellow.png */; };
		0897620820CFDD0E00F8C9DF /* cancel-red.png in Resources */ = {isa = PBXBuildFile; fileRef = 0897620420CFDD0D00F8C9DF /* cancel-red.png */; };
		0897620920CFDD0E00F8C9DF /* back-yellow.png in Resources */ = {isa = PBXBuildFile; fileRef = 0897620520CFDD0D00F8C9DF /* back-yellow.png */; };
		0897620A20CFDD0E00F8C9DF /* back.png in Resources */ = {isa = PBXBuildFile; fileRef = 0897620620CFDD0D00F8C9DF /* back.png */; };
		0897620B20CFDD0E00F8C9DF /* cancel.png in Resources */ = {isa = PBXBuildFile; fileRef = 0897620720CFDD0D00F8C9DF /* cancel.png */; };
		0897620F20CFF46B00F8C9DF /* MainTabBarController.swift in Sources */ = {isa = PBXBuildFile; fileRef = 0897620E20CFF46B00F8C9DF /* MainTabBarController.swift */; };
		0897621120D012D200F8C9DF /* DetailEvent.storyboard in Resources */ = {isa = PBXBuildFile; fileRef = 0897621020D012D200F8C9DF /* DetailEvent.storyboard */; };
		0897621320D014B400F8C9DF /* DetailEventViewController.swift in Sources */ = {isa = PBXBuildFile; fileRef = 0897621220D014B400F8C9DF /* DetailEventViewController.swift */; };
		0897621720D0269000F8C9DF /* success-pink.png in Resources */ = {isa = PBXBuildFile; fileRef = 0897621420D0268F00F8C9DF /* success-pink.png */; };
		0897621820D0269000F8C9DF /* success-green.png in Resources */ = {isa = PBXBuildFile; fileRef = 0897621520D0268F00F8C9DF /* success-green.png */; };
		0897621920D0269000F8C9DF /* success-yellow.png in Resources */ = {isa = PBXBuildFile; fileRef = 0897621620D0268F00F8C9DF /* success-yellow.png */; };
/* End PBXBuildFile section */

/* Begin PBXFileReference section */
		0818104B20BA9FFF00538A7A /* Any.do.app */ = {isa = PBXFileReference; explicitFileType = wrapper.application; includeInIndex = 0; path = Any.do.app; sourceTree = BUILT_PRODUCTS_DIR; };
		0818104E20BA9FFF00538A7A /* AppDelegate.swift */ = {isa = PBXFileReference; lastKnownFileType = sourcecode.swift; path = AppDelegate.swift; sourceTree = "<group>"; };
		0818105020BA9FFF00538A7A /* FirstViewController.swift */ = {isa = PBXFileReference; lastKnownFileType = sourcecode.swift; path = FirstViewController.swift; sourceTree = "<group>"; };
		0818105220BA9FFF00538A7A /* SecondViewController.swift */ = {isa = PBXFileReference; lastKnownFileType = sourcecode.swift; path = SecondViewController.swift; sourceTree = "<group>"; };
		0818105520BAA00000538A7A /* Base */ = {isa = PBXFileReference; lastKnownFileType = file.storyboard; name = Base; path = Base.lproj/Main.storyboard; sourceTree = "<group>"; };
		0818105720BAA00B00538A7A /* Assets.xcassets */ = {isa = PBXFileReference; lastKnownFileType = folder.assetcatalog; path = Assets.xcassets; sourceTree = "<group>"; };
		0818105A20BAA00B00538A7A /* Base */ = {isa = PBXFileReference; lastKnownFileType = file.storyboard; name = Base; path = Base.lproj/LaunchScreen.storyboard; sourceTree = "<group>"; };
		0818105C20BAA00B00538A7A /* Info.plist */ = {isa = PBXFileReference; lastKnownFileType = text.plist.xml; path = Info.plist; sourceTree = "<group>"; };
		0818106320BAA05000538A7A /* success.png */ = {isa = PBXFileReference; lastKnownFileType = image.png; path = success.png; sourceTree = "<group>"; };
		0818106420BAA05000538A7A /* date.png */ = {isa = PBXFileReference; lastKnownFileType = image.png; path = date.png; sourceTree = "<group>"; };
		0818106520BAA05000538A7A /* settings.png */ = {isa = PBXFileReference; lastKnownFileType = image.png; path = settings.png; sourceTree = "<group>"; };
		0818106A20BAA0AD00538A7A /* ThirdViewController.swift */ = {isa = PBXFileReference; lastKnownFileType = sourcecode.swift; path = ThirdViewController.swift; sourceTree = "<group>"; };
		0818106D20BAA0CE00538A7A /* CalendarView.swift */ = {isa = PBXFileReference; fileEncoding = 4; lastKnownFileType = sourcecode.swift; path = CalendarView.swift; sourceTree = "<group>"; };
		0818108120BAE60C00538A7A /* Style.swift */ = {isa = PBXFileReference; lastKnownFileType = sourcecode.swift; path = Style.swift; sourceTree = "<group>"; };
		0818108520BB337E00538A7A /* circle-blue.png */ = {isa = PBXFileReference; lastKnownFileType = image.png; path = "circle-blue.png"; sourceTree = "<group>"; };
		08196FE620CE21C100696114 /* EventTableView.swift */ = {isa = PBXFileReference; lastKnownFileType = sourcecode.swift; path = EventTableView.swift; sourceTree = "<group>"; };
		088C518B20C83E2E006D00CD /* circle-pink.png */ = {isa = PBXFileReference; lastKnownFileType = image.png; path = "circle-pink.png"; sourceTree = "<group>"; };
		088C518C20C83E2F006D00CD /* circle-green.png */ = {isa = PBXFileReference; lastKnownFileType = image.png; path = "circle-green.png"; sourceTree = "<group>"; };
		088C518D20C83E2F006D00CD /* circle-black.png */ = {isa = PBXFileReference; lastKnownFileType = image.png; path = "circle-black.png"; sourceTree = "<group>"; };
		088C518F20C83E30006D00CD /* circle-yellow.png */ = {isa = PBXFileReference; lastKnownFileType = image.png; path = "circle-yellow.png"; sourceTree = "<group>"; };
		088C519620C84A7D006D00CD /* Todo.swift */ = {isa = PBXFileReference; lastKnownFileType = sourcecode.swift; path = Todo.swift; sourceTree = "<group>"; };
		088E170620C910050071FD94 /* TodoTableView.swift */ = {isa = PBXFileReference; lastKnownFileType = sourcecode.swift; path = TodoTableView.swift; sourceTree = "<group>"; };
		088E170820C932010071FD94 /* plus-blue.png */ = {isa = PBXFileReference; lastKnownFileType = image.png; path = "plus-blue.png"; sourceTree = "<group>"; };
		089761EC20CEA29600F8C9DF /* Event.swift */ = {isa = PBXFileReference; lastKnownFileType = sourcecode.swift; path = Event.swift; sourceTree = "<group>"; };
		089761EE20CEC20400F8C9DF /* AddTodo.storyboard */ = {isa = PBXFileReference; lastKnownFileType = file.storyboard; path = AddTodo.storyboard; sourceTree = "<group>"; };
		089761F020CEC21700F8C9DF /* AddEvent.storyboard */ = {isa = PBXFileReference; lastKnownFileType = file.storyboard; path = AddEvent.storyboard; sourceTree = "<group>"; };
		089761F220CEC95900F8C9DF /* AddTodoViewController.swift */ = {isa = PBXFileReference; lastKnownFileType = sourcecode.swift; path = AddTodoViewController.swift; sourceTree = "<group>"; };
		089761F420CED63500F8C9DF /* success-blue.png */ = {isa = PBXFileReference; lastKnownFileType = image.png; path = "success-blue.png"; sourceTree = "<group>"; };
		089761F820CEF1F700F8C9DF /* AddEventViewController.swift */ = {isa = PBXFileReference; lastKnownFileType = sourcecode.swift; path = AddEventViewController.swift; sourceTree = "<group>"; };
		089761FC20CFD43A00F8C9DF /* plus-black.png */ = {isa = PBXFileReference; lastKnownFileType = image.png; path = "plus-black.png"; sourceTree = "<group>"; };
		089761FD20CFD43A00F8C9DF /* plus-pink.png */ = {isa = PBXFileReference; lastKnownFileType = image.png; path = "plus-pink.png"; sourceTree = "<group>"; };
		089761FE20CFD43A00F8C9DF /* plus-green.png */ = {isa = PBXFileReference; lastKnownFileType = image.png; path = "plus-green.png"; sourceTree = "<group>"; };
		089761FF20CFD43A00F8C9DF /* plus-yellow.png */ = {isa = PBXFileReference; lastKnownFileType = image.png; path = "plus-yellow.png"; sourceTree = "<group>"; };
		0897620420CFDD0D00F8C9DF /* cancel-red.png */ = {isa = PBXFileReference; lastKnownFileType = image.png; path = "cancel-red.png"; sourceTree = "<group>"; };
		0897620520CFDD0D00F8C9DF /* back-yellow.png */ = {isa = PBXFileReference; lastKnownFileType = image.png; path = "back-yellow.png"; sourceTree = "<group>"; };
		0897620620CFDD0D00F8C9DF /* back.png */ = {isa = PBXFileReference; lastKnownFileType = image.png; path = back.png; sourceTree = "<group>"; };
		0897620720CFDD0D00F8C9DF /* cancel.png */ = {isa = PBXFileReference; lastKnownFileType = image.png; path = cancel.png; sourceTree = "<group>"; };
		0897620E20CFF46B00F8C9DF /* MainTabBarController.swift */ = {isa = PBXFileReference; fileEncoding = 4; lastKnownFileType = sourcecode.swift; path = MainTabBarController.swift; sourceTree = "<group>"; };
		0897621020D012D200F8C9DF /* DetailEvent.storyboard */ = {isa = PBXFileReference; lastKnownFileType = file.storyboard; path = DetailEvent.storyboard; sourceTree = "<group>"; };
		0897621220D014B400F8C9DF /* DetailEventViewController.swift */ = {isa = PBXFileReference; lastKnownFileType = sourcecode.swift; path = DetailEventViewController.swift; sourceTree = "<group>"; };
		0897621420D0268F00F8C9DF /* success-pink.png */ = {isa = PBXFileReference; lastKnownFileType = image.png; path = "success-pink.png"; sourceTree = "<group>"; };
		0897621520D0268F00F8C9DF /* success-green.png */ = {isa = PBXFileReference; lastKnownFileType = image.png; path = "success-green.png"; sourceTree = "<group>"; };
		0897621620D0268F00F8C9DF /* success-yellow.png */ = {isa = PBXFileReference; lastKnownFileType = image.png; path = "success-yellow.png"; sourceTree = "<group>"; };
/* End PBXFileReference section */

/* Begin PBXFrameworksBuildPhase section */
		0818104820BA9FFF00538A7A /* Frameworks */ = {
			isa = PBXFrameworksBuildPhase;
			buildActionMask = 2147483647;
			files = (
			);
			runOnlyForDeploymentPostprocessing = 0;
		};
/* End PBXFrameworksBuildPhase section */

/* Begin PBXGroup section */
		0818104220BA9FFF00538A7A = {
			isa = PBXGroup;
			children = (
				0818104D20BA9FFF00538A7A /* Any.do */,
				0818104C20BA9FFF00538A7A /* Products */,
			);
			sourceTree = "<group>";
		};
		0818104C20BA9FFF00538A7A /* Products */ = {
			isa = PBXGroup;
			children = (
				0818104B20BA9FFF00538A7A /* Any.do.app */,
			);
			name = Products;
			sourceTree = "<group>";
		};
		0818104D20BA9FFF00538A7A /* Any.do */ = {
			isa = PBXGroup;
			children = (
				088C519520C84A3E006D00CD /* model */,
				0818108020BAE5F200538A7A /* Utils */,
				0818106C20BAA0BC00538A7A /* View */,
				0818106920BAA07A00538A7A /* ViewController */,
				0818106220BAA03D00538A7A /* resources */,
				0818104E20BA9FFF00538A7A /* AppDelegate.swift */,
				0818105420BAA00000538A7A /* Main.storyboard */,
				0818105720BAA00B00538A7A /* Assets.xcassets */,
				0818105920BAA00B00538A7A /* LaunchScreen.storyboard */,
				0818105C20BAA00B00538A7A /* Info.plist */,
				089761EE20CEC20400F8C9DF /* AddTodo.storyboard */,
				089761F020CEC21700F8C9DF /* AddEvent.storyboard */,
				0897621020D012D200F8C9DF /* DetailEvent.storyboard */,
			);
			path = Any.do;
			sourceTree = "<group>";
		};
		0818106220BAA03D00538A7A /* resources */ = {
			isa = PBXGroup;
			children = (
				0897621520D0268F00F8C9DF /* success-green.png */,
				0897621420D0268F00F8C9DF /* success-pink.png */,
				0897621620D0268F00F8C9DF /* success-yellow.png */,
				0897620520CFDD0D00F8C9DF /* back-yellow.png */,
				0897620620CFDD0D00F8C9DF /* back.png */,
				0897620420CFDD0D00F8C9DF /* cancel-red.png */,
				0897620720CFDD0D00F8C9DF /* cancel.png */,
				089761FC20CFD43A00F8C9DF /* plus-black.png */,
				089761FE20CFD43A00F8C9DF /* plus-green.png */,
				089761FD20CFD43A00F8C9DF /* plus-pink.png */,
				089761FF20CFD43A00F8C9DF /* plus-yellow.png */,
				089761F420CED63500F8C9DF /* success-blue.png */,
				088E170820C932010071FD94 /* plus-blue.png */,
				088C518D20C83E2F006D00CD /* circle-black.png */,
				088C518C20C83E2F006D00CD /* circle-green.png */,
				088C518B20C83E2E006D00CD /* circle-pink.png */,
				088C518F20C83E30006D00CD /* circle-yellow.png */,
				0818108520BB337E00538A7A /* circle-blue.png */,
				0818106420BAA05000538A7A /* date.png */,
				0818106520BAA05000538A7A /* settings.png */,
				0818106320BAA05000538A7A /* success.png */,
			);
			path = resources;
			sourceTree = "<group>";
		};
		0818106920BAA07A00538A7A /* ViewController */ = {
			isa = PBXGroup;
			children = (
				0897620E20CFF46B00F8C9DF /* MainTabBarController.swift */,
				0818105020BA9FFF00538A7A /* FirstViewController.swift */,
				0818105220BA9FFF00538A7A /* SecondViewController.swift */,
				0818106A20BAA0AD00538A7A /* ThirdViewController.swift */,
				089761F220CEC95900F8C9DF /* AddTodoViewController.swift */,
				089761F820CEF1F700F8C9DF /* AddEventViewController.swift */,
				0897621220D014B400F8C9DF /* DetailEventViewController.swift */,
			);
			path = ViewController;
			sourceTree = "<group>";
		};
		0818106C20BAA0BC00538A7A /* View */ = {
			isa = PBXGroup;
			children = (
				0818106D20BAA0CE00538A7A /* CalendarView.swift */,
				088E170620C910050071FD94 /* TodoTableView.swift */,
				08196FE620CE21C100696114 /* EventTableView.swift */,
			);
			path = View;
			sourceTree = "<group>";
		};
		0818108020BAE5F200538A7A /* Utils */ = {
			isa = PBXGroup;
			children = (
				0818108120BAE60C00538A7A /* Style.swift */,
			);
			path = Utils;
			sourceTree = "<group>";
		};
		088C519520C84A3E006D00CD /* model */ = {
			isa = PBXGroup;
			children = (
				088C519620C84A7D006D00CD /* Todo.swift */,
				089761EC20CEA29600F8C9DF /* Event.swift */,
			);
			path = model;
			sourceTree = "<group>";
		};
/* End PBXGroup section */

/* Begin PBXNativeTarget section */
		0818104A20BA9FFF00538A7A /* Any.do */ = {
			isa = PBXNativeTarget;
			buildConfigurationList = 0818105F20BAA00B00538A7A /* Build configuration list for PBXNativeTarget "Any.do" */;
			buildPhases = (
				0818104720BA9FFF00538A7A /* Sources */,
				0818104820BA9FFF00538A7A /* Frameworks */,
				0818104920BA9FFF00538A7A /* Resources */,
			);
			buildRules = (
			);
			dependencies = (
			);
			name = Any.do;
			productName = Any.do;
			productReference = 0818104B20BA9FFF00538A7A /* Any.do.app */;
			productType = "com.apple.product-type.application";
		};
/* End PBXNativeTarget section */

/* Begin PBXProject section */
		0818104320BA9FFF00538A7A /* Project object */ = {
			isa = PBXProject;
			attributes = {
				LastSwiftUpdateCheck = 0930;
				LastUpgradeCheck = 0930;
				ORGANIZATIONNAME = haruu;
				TargetAttributes = {
					0818104A20BA9FFF00538A7A = {
						CreatedOnToolsVersion = 9.3;
					};
				};
			};
			buildConfigurationList = 0818104620BA9FFF00538A7A /* Build configuration list for PBXProject "Any.do" */;
			compatibilityVersion = "Xcode 9.3";
			developmentRegion = en;
			hasScannedForEncodings = 0;
			knownRegions = (
				en,
				Base,
			);
			mainGroup = 0818104220BA9FFF00538A7A;
			productRefGroup = 0818104C20BA9FFF00538A7A /* Products */;
			projectDirPath = "";
			projectRoot = "";
			targets = (
				0818104A20BA9FFF00538A7A /* Any.do */,
			);
		};
/* End PBXProject section */

/* Begin PBXResourcesBuildPhase section */
		0818104920BA9FFF00538A7A /* Resources */ = {
			isa = PBXResourcesBuildPhase;
			buildActionMask = 2147483647;
			files = (
				089761F620CED63500F8C9DF /* success-blue.png in Resources */,
				0897620120CFD43B00F8C9DF /* plus-pink.png in Resources */,
				0897620320CFD43B00F8C9DF /* plus-yellow.png in Resources */,
				0818106820BAA05000538A7A /* settings.png in Resources */,
				0818108620BB337E00538A7A /* circle-blue.png in Resources */,
				0818105B20BAA00B00538A7A /* LaunchScreen.storyboard in Resources */,
				0897620020CFD43B00F8C9DF /* plus-black.png in Resources */,
				0897620820CFDD0E00F8C9DF /* cancel-red.png in Resources */,
				088C519020C83E30006D00CD /* circle-pink.png in Resources */,
				089761F120CEC21700F8C9DF /* AddEvent.storyboard in Resources */,
				0897621720D0269000F8C9DF /* success-pink.png in Resources */,
				088C519120C83E30006D00CD /* circle-green.png in Resources */,
				0897620920CFDD0E00F8C9DF /* back-yellow.png in Resources */,
				0818106720BAA05000538A7A /* date.png in Resources */,
				088C519420C83E30006D00CD /* circle-yellow.png in Resources */,
				0897620B20CFDD0E00F8C9DF /* cancel.png in Resources */,
				089761EF20CEC20400F8C9DF /* AddTodo.storyboard in Resources */,
				0818105820BAA00B00538A7A /* Assets.xcassets in Resources */,
				088E170920C932010071FD94 /* plus-blue.png in Resources */,
				0897621120D012D200F8C9DF /* DetailEvent.storyboard in Resources */,
				088C519220C83E30006D00CD /* circle-black.png in Resources */,
				0897620A20CFDD0E00F8C9DF /* back.png in Resources */,
				0818105620BAA00000538A7A /* Main.storyboard in Resources */,
				0897621820D0269000F8C9DF /* success-green.png in Resources */,
				0818106620BAA05000538A7A /* success.png in Resources */,
				0897620220CFD43B00F8C9DF /* plus-green.png in Resources */,
				0897621920D0269000F8C9DF /* success-yellow.png in Resources */,
			);
			runOnlyForDeploymentPostprocessing = 0;
		};
/* End PBXResourcesBuildPhase section */

/* Begin PBXSourcesBuildPhase section */
		0818104720BA9FFF00538A7A /* Sources */ = {
			isa = PBXSourcesBuildPhase;
			buildActionMask = 2147483647;
			files = (
				088C519720C84A7D006D00CD /* Todo.swift in Sources */,
				089761F920CEF1F700F8C9DF /* AddEventViewController.swift in Sources */,
				0818107020BAA0CF00538A7A /* CalendarView.swift in Sources */,
				0818105320BA9FFF00538A7A /* SecondViewController.swift in Sources */,
				08196FE720CE21C100696114 /* EventTableView.swift in Sources */,
				089761ED20CEA29600F8C9DF /* Event.swift in Sources */,
				089761F320CEC95900F8C9DF /* AddTodoViewController.swift in Sources */,
				0897620F20CFF46B00F8C9DF /* MainTabBarController.swift in Sources */,
				0818104F20BA9FFF00538A7A /* AppDelegate.swift in Sources */,
				0818106B20BAA0AD00538A7A /* ThirdViewController.swift in Sources */,
				0897621320D014B400F8C9DF /* DetailEventViewController.swift in Sources */,
				0818105120BA9FFF00538A7A /* FirstViewController.swift in Sources */,
				0818108220BAE60C00538A7A /* Style.swift in Sources */,
				088E170720C910050071FD94 /* TodoTableView.swift in Sources */,
			);
			runOnlyForDeploymentPostprocessing = 0;
		};
/* End PBXSourcesBuildPhase section */

/* Begin PBXVariantGroup section */
		0818105420BAA00000538A7A /* Main.storyboard */ = {
			isa = PBXVariantGroup;
			children = (
				0818105520BAA00000538A7A /* Base */,
			);
			name = Main.storyboard;
			sourceTree = "<group>";
		};
		0818105920BAA00B00538A7A /* LaunchScreen.storyboard */ = {
			isa = PBXVariantGroup;
			children = (
				0818105A20BAA00B00538A7A /* Base */,
			);
			name = LaunchScreen.storyboard;
			sourceTree = "<group>";
		};
/* End PBXVariantGroup section */

/* Begin XCBuildConfiguration section */
		0818105D20BAA00B00538A7A /* Debug */ = {
			isa = XCBuildConfiguration;
			buildSettings = {
				ALWAYS_SEARCH_USER_PATHS = NO;
				CLANG_ANALYZER_NONNULL = YES;
				CLANG_ANALYZER_NUMBER_OBJECT_CONVERSION = YES_AGGRESSIVE;
				CLANG_CXX_LANGUAGE_STANDARD = "gnu++14";
				CLANG_CXX_LIBRARY = "libc++";
				CLANG_ENABLE_MODULES = YES;
				CLANG_ENABLE_OBJC_ARC = YES;
				CLANG_ENABLE_OBJC_WEAK = YES;
				CLANG_WARN_BLOCK_CAPTURE_AUTORELEASING = YES;
				CLANG_WARN_BOOL_CONVERSION = YES;
				CLANG_WARN_COMMA = YES;
				CLANG_WARN_CONSTANT_CONVERSION = YES;
				CLANG_WARN_DEPRECATED_OBJC_IMPLEMENTATIONS = YES;
				CLANG_WARN_DIRECT_OBJC_ISA_USAGE = YES_ERROR;
				CLANG_WARN_DOCUMENTATION_COMMENTS = YES;
				CLANG_WARN_EMPTY_BODY = YES;
				CLANG_WARN_ENUM_CONVERSION = YES;
				CLANG_WARN_INFINITE_RECURSION = YES;
				CLANG_WARN_INT_CONVERSION = YES;
				CLANG_WARN_NON_LITERAL_NULL_CONVERSION = YES;
				CLANG_WARN_OBJC_IMPLICIT_RETAIN_SELF = YES;
				CLANG_WARN_OBJC_LITERAL_CONVERSION = YES;
				CLANG_WARN_OBJC_ROOT_CLASS = YES_ERROR;
				CLANG_WARN_RANGE_LOOP_ANALYSIS = YES;
				CLANG_WARN_STRICT_PROTOTYPES = YES;
				CLANG_WARN_SUSPICIOUS_MOVE = YES;
				CLANG_WARN_UNGUARDED_AVAILABILITY = YES_AGGRESSIVE;
				CLANG_WARN_UNREACHABLE_CODE = YES;
				CLANG_WARN__DUPLICATE_METHOD_MATCH = YES;
				CODE_SIGN_IDENTITY = "iPhone Developer";
				COPY_PHASE_STRIP = NO;
				DEBUG_INFORMATION_FORMAT = dwarf;
				ENABLE_STRICT_OBJC_MSGSEND = YES;
				ENABLE_TESTABILITY = YES;
				GCC_C_LANGUAGE_STANDARD = gnu11;
				GCC_DYNAMIC_NO_PIC = NO;
				GCC_NO_COMMON_BLOCKS = YES;
				GCC_OPTIMIZATION_LEVEL = 0;
				GCC_PREPROCESSOR_DEFINITIONS = (
					"DEBUG=1",
					"$(inherited)",
				);
				GCC_WARN_64_TO_32_BIT_CONVERSION = YES;
				GCC_WARN_ABOUT_RETURN_TYPE = YES_ERROR;
				GCC_WARN_UNDECLARED_SELECTOR = YES;
				GCC_WARN_UNINITIALIZED_AUTOS = YES_AGGRESSIVE;
				GCC_WARN_UNUSED_FUNCTION = YES;
				GCC_WARN_UNUSED_VARIABLE = YES;
				IPHONEOS_DEPLOYMENT_TARGET = 11.3;
				MTL_ENABLE_DEBUG_INFO = YES;
				ONLY_ACTIVE_ARCH = YES;
				SDKROOT = iphoneos;
				SWIFT_ACTIVE_COMPILATION_CONDITIONS = DEBUG;
				SWIFT_OPTIMIZATION_LEVEL = "-Onone";
			};
			name = Debug;
		};
		0818105E20BAA00B00538A7A /* Release */ = {
			isa = XCBuildConfiguration;
			buildSettings = {
				ALWAYS_SEARCH_USER_PATHS = NO;
				CLANG_ANALYZER_NONNULL = YES;
				CLANG_ANALYZER_NUMBER_OBJECT_CONVERSION = YES_AGGRESSIVE;
				CLANG_CXX_LANGUAGE_STANDARD = "gnu++14";
				CLANG_CXX_LIBRARY = "libc++";
				CLANG_ENABLE_MODULES = YES;
				CLANG_ENABLE_OBJC_ARC = YES;
				CLANG_ENABLE_OBJC_WEAK = YES;
				CLANG_WARN_BLOCK_CAPTURE_AUTORELEASING = YES;
				CLANG_WARN_BOOL_CONVERSION = YES;
				CLANG_WARN_COMMA = YES;
				CLANG_WARN_CONSTANT_CONVERSION = YES;
				CLANG_WARN_DEPRECATED_OBJC_IMPLEMENTATIONS = YES;
				CLANG_WARN_DIRECT_OBJC_ISA_USAGE = YES_ERROR;
				CLANG_WARN_DOCUMENTATION_COMMENTS = YES;
				CLANG_WARN_EMPTY_BODY = YES;
				CLANG_WARN_ENUM_CONVERSION = YES;
				CLANG_WARN_INFINITE_RECURSION = YES;
				CLANG_WARN_INT_CONVERSION = YES;
				CLANG_WARN_NON_LITERAL_NULL_CONVERSION = YES;
				CLANG_WARN_OBJC_IMPLICIT_RETAIN_SELF = YES;
				CLANG_WARN_OBJC_LITERAL_CONVERSION = YES;
				CLANG_WARN_OBJC_ROOT_CLASS = YES_ERROR;
				CLANG_WARN_RANGE_LOOP_ANALYSIS = YES;
				CLANG_WARN_STRICT_PROTOTYPES = YES;
				CLANG_WARN_SUSPICIOUS_MOVE = YES;
				CLANG_WARN_UNGUARDED_AVAILABILITY = YES_AGGRESSIVE;
				CLANG_WARN_UNREACHABLE_CODE = YES;
				CLANG_WARN__DUPLICATE_METHOD_MATCH = YES;
				CODE_SIGN_IDENTITY = "iPhone Developer";
				COPY_PHASE_STRIP = NO;
				DEBUG_INFORMATION_FORMAT = "dwarf-with-dsym";
				ENABLE_NS_ASSERTIONS = NO;
				ENABLE_STRICT_OBJC_MSGSEND = YES;
				GCC_C_LANGUAGE_STANDARD = gnu11;
				GCC_NO_COMMON_BLOCKS = YES;
				GCC_WARN_64_TO_32_BIT_CONVERSION = YES;
				GCC_WARN_ABOUT_RETURN_TYPE = YES_ERROR;
				GCC_WARN_UNDECLARED_SELECTOR = YES;
				GCC_WARN_UNINITIALIZED_AUTOS = YES_AGGRESSIVE;
				GCC_WARN_UNUSED_FUNCTION = YES;
				GCC_WARN_UNUSED_VARIABLE = YES;
				IPHONEOS_DEPLOYMENT_TARGET = 11.3;
				MTL_ENABLE_DEBUG_INFO = NO;
				SDKROOT = iphoneos;
				SWIFT_COMPILATION_MODE = wholemodule;
				SWIFT_OPTIMIZATION_LEVEL = "-O";
				VALIDATE_PRODUCT = YES;
			};
			name = Release;
		};
		0818106020BAA00B00538A7A /* Debug */ = {
			isa = XCBuildConfiguration;
			buildSettings = {
				ASSETCATALOG_COMPILER_APPICON_NAME = AppIcon;
				CODE_SIGN_STYLE = Automatic;
				DEVELOPMENT_TEAM = 4TAMD7F75T;
				INFOPLIST_FILE = Any.do/Info.plist;
				IPHONEOS_DEPLOYMENT_TARGET = 9.3;
				LD_RUNPATH_SEARCH_PATHS = (
					"$(inherited)",
					"@executable_path/Frameworks",
				);
				PRODUCT_BUNDLE_IDENTIFIER = "haruu.Any-do";
				PRODUCT_NAME = "$(TARGET_NAME)";
				SWIFT_VERSION = 4.0;
				TARGETED_DEVICE_FAMILY = "1,2";
			};
			name = Debug;
		};
		0818106120BAA00B00538A7A /* Release */ = {
			isa = XCBuildConfiguration;
			buildSettings = {
				ASSETCATALOG_COMPILER_APPICON_NAME = AppIcon;
				CODE_SIGN_STYLE = Automatic;
				DEVELOPMENT_TEAM = 4TAMD7F75T;
				INFOPLIST_FILE = Any.do/Info.plist;
				IPHONEOS_DEPLOYMENT_TARGET = 9.3;
				LD_RUNPATH_SEARCH_PATHS = (
					"$(inherited)",
					"@executable_path/Frameworks",
				);
				PRODUCT_BUNDLE_IDENTIFIER = "haruu.Any-do";
				PRODUCT_NAME = "$(TARGET_NAME)";
				SWIFT_VERSION = 4.0;
				TARGETED_DEVICE_FAMILY = "1,2";
			};
			name = Release;
		};
/* End XCBuildConfiguration section */

/* Begin XCConfigurationList section */
		0818104620BA9FFF00538A7A /* Build configuration list for PBXProject "Any.do" */ = {
			isa = XCConfigurationList;
			buildConfigurations = (
				0818105D20BAA00B00538A7A /* Debug */,
				0818105E20BAA00B00538A7A /* Release */,
			);
			defaultConfigurationIsVisible = 0;
			defaultConfigurationName = Release;
		};
		0818105F20BAA00B00538A7A /* Build configuration list for PBXNativeTarget "Any.do" */ = {
			isa = XCConfigurationList;
			buildConfigurations = (
				0818106020BAA00B00538A7A /* Debug */,
				0818106120BAA00B00538A7A /* Release */,
			);
			defaultConfigurationIsVisible = 0;
			defaultConfigurationName = Release;
		};
/* End XCConfigurationList section */
	};
	rootObject = 0818104320BA9FFF00538A7A /* Project object */;
}
